# This file was autogenerated by uv via the following command:
#    uv pip compile ml/requirements.txt --output-file ml/requirements-inference.lock --python-version 3.12
beautifulsoup4==4.14.3
    # via yfinance
certifi==2026.4.22
    # via
    #   curl-cffi
    #   requests
cffi==2.0.0
    # via curl-cffi
charset-normalizer==3.4.7
    # via requests
colorama==0.4.6
    # via pytest
curl-cffi==0.15.0
    # via yfinance
flatbuffers==25.12.19
    # via onnxruntime
frozendict==2.4.7
    # via yfinance
hmmlearn==0.3.3
    # via -r ml/requirements.txt
idna==3.15
    # via requests
iniconfig==2.3.0
    # via pytest
joblib==1.5.3
    # via
    #   -r ml/requirements.txt
    #   scikit-learn
lightgbm==4.6.0
    # via -r ml/requirements.txt
lxml==6.1.0
    # via -r ml/requirements.txt
markdown-it-py==4.2.0
    # via rich
mdurl==0.1.2
    # via markdown-it-py
multitasking==0.0.13
    # via yfinance
numpy==2.4.5
    # via
    #   -r ml/requirements.txt
    #   hmmlearn
    #   lightgbm
    #   onnxruntime
    #   pandas
    #   scikit-learn
    #   scipy
    #   yfinance
onnxruntime==1.26.0
    # via -r ml/requirements.txt
packaging==26.2
    # via
    #   onnxruntime
    #   pytest
pandas==3.0.3
    # via
    #   -r ml/requirements.txt
    #   yfinance
peewee==4.0.5
    # via yfinance
platformdirs==4.9.6
    # via yfinance
pluggy==1.6.0
    # via pytest
protobuf==7.34.1
    # via
    #   onnxruntime
    #   yfinance
pyarrow==24.0.0
    # via -r ml/requirements.txt
pycparser==3.0
    # via cffi
pygments==2.20.0
    # via
    #   pytest
    #   rich
pytest==9.0.3
    # via -r ml/requirements.txt
python-dateutil==2.9.0.post0
    # via pandas
pytz==2026.2
    # via yfinance
pyyaml==6.0.3
    # via -r ml/requirements.txt
requests==2.34.2
    # via
    #   -r ml/requirements.txt
    #   yfinance
rich==15.0.0
    # via curl-cffi
scikit-learn==1.8.0
    # via
    #   -r ml/requirements.txt
    #   hmmlearn
scipy==1.17.1
    # via
    #   hmmlearn
    #   lightgbm
    #   scikit-learn
six==1.17.0
    # via python-dateutil
soupsieve==2.8.3
    # via beautifulsoup4
threadpoolctl==3.6.0
    # via scikit-learn
typing-extensions==4.15.0
    # via beautifulsoup4
tzdata==2026.2
    # via pandas
urllib3==2.7.0
    # via requests
websockets==16.0
    # via yfinance
yfinance==1.3.0
    # via -r ml/requirements.txt
